
Microsoft Visual Studio Solution File, Format Version 12.00
# Visual Studio Version 17
VisualStudioVersion = 17.13.35825.156
MinimumVisualStudioVersion = 10.0.40219.1
Project("{8BC9CEB8-8B4A-11D0-8D11-00A0C91BC942}") = "MidnightEngine", "Midnight\Midnight.vcxproj", "{77F66662-A85B-4904-AF4D-659851D2333F}"
EndProject
Project("{8BC9CEB8-8B4A-11D0-8D11-00A0C91BC942}") = "X1", "X1\X1.vcxproj", "{B7E60FEF-4E61-46F4-9E79-ED8394397203}"
	ProjectSection(ProjectDependencies) = postProject
		{198730C9-2101-46BF-B07D-222BFB728EF3} = {198730C9-2101-46BF-B07D-222BFB728EF3}
	EndProjectSection
EndProject
Project("{8BC9CEB8-8B4A-11D0-8D11-00A0C91BC942}") = "MidnightEditor", "MidnightEditor\MidnightEditor.vcxproj", "{198730C9-2101-46BF-B07D-222BFB728EF3}"
	ProjectSection(ProjectDependencies) = postProject
		{77F66662-A85B-4904-AF4D-659851D2333F} = {77F66662-A85B-4904-AF4D-659851D2333F}
	EndProjectSection
EndProject
Project("{2150E333-8FDC-42A3-9474-1A3956D46DE8}") = "Solution Items", "Solution Items", "{8EC462FD-D22E-90A8-E5CE-7E832BA40C5D}"
	ProjectSection(SolutionItems) = preProject
		scenes\demo-scene.json = scenes\demo-scene.json
		shaders\ff.frag = shaders\ff.frag
		shaders\ff.frag.spv = shaders\ff.frag.spv
		shaders\point_light.frag = shaders\point_light.frag
		shaders\point_light.frag.spv = shaders\point_light.frag.spv
		shaders\point_light.vert = shaders\point_light.vert
		shaders\point_light.vert.spv = shaders\point_light.vert.spv
		shaders\post_process.vert = shaders\post_process.vert
		shaders\simple_shader.frag = shaders\simple_shader.frag
		shaders\simple_shader.frag.spv = shaders\simple_shader.frag.spv
		shaders\simple_shader.vert = shaders\simple_shader.vert
		shaders\simple_shader.vert.spv = shaders\simple_shader.vert.spv
		shaders\simple_shader2.frag = shaders\simple_shader2.frag
		shaders\simple_shader2.frag.spv = shaders\simple_shader2.frag.spv
		shaders\simple_shader2.vert = shaders\simple_shader2.vert
		shaders\simple_shader2.vert.spv = shaders\simple_shader2.vert.spv
		shaders\toxic_cloud.frag = shaders\toxic_cloud.frag
		shaders\vv.vert = shaders\vv.vert
		shaders\vv.vert.spv = shaders\vv.vert.spv
	EndProjectSection
EndProject
Global
	GlobalSection(SolutionConfigurationPlatforms) = preSolution
		Debug|x64 = Debug|x64
		Debug|x86 = Debug|x86
		Release|x64 = Release|x64
		Release|x86 = Release|x86
	EndGlobalSection
	GlobalSection(ProjectConfigurationPlatforms) = postSolution
		{77F66662-A85B-4904-AF4D-659851D2333F}.Debug|x64.ActiveCfg = Debug|x64
		{77F66662-A85B-4904-AF4D-659851D2333F}.Debug|x64.Build.0 = Debug|x64
		{77F66662-A85B-4904-AF4D-659851D2333F}.Debug|x86.ActiveCfg = Debug|Win32
		{77F66662-A85B-4904-AF4D-659851D2333F}.Debug|x86.Build.0 = Debug|Win32
		{77F66662-A85B-4904-AF4D-659851D2333F}.Release|x64.ActiveCfg = Release|x64
		{77F66662-A85B-4904-AF4D-659851D2333F}.Release|x64.Build.0 = Release|x64
		{77F66662-A85B-4904-AF4D-659851D2333F}.Release|x86.ActiveCfg = Release|Win32
		{77F66662-A85B-4904-AF4D-659851D2333F}.Release|x86.Build.0 = Release|Win32
		{B7E60FEF-4E61-46F4-9E79-ED8394397203}.Debug|x64.ActiveCfg = Debug|x64
		{B7E60FEF-4E61-46F4-9E79-ED8394397203}.Debug|x64.Build.0 = Debug|x64
		{B7E60FEF-4E61-46F4-9E79-ED8394397203}.Debug|x86.ActiveCfg = Debug|Win32
		{B7E60FEF-4E61-46F4-9E79-ED8394397203}.Debug|x86.Build.0 = Debug|Win32
		{B7E60FEF-4E61-46F4-9E79-ED8394397203}.Release|x64.ActiveCfg = Release|x64
		{B7E60FEF-4E61-46F4-9E79-ED8394397203}.Release|x64.Build.0 = Release|x64
		{B7E60FEF-4E61-46F4-9E79-ED8394397203}.Release|x86.ActiveCfg = Release|Win32
		{B7E60FEF-4E61-46F4-9E79-ED8394397203}.Release|x86.Build.0 = Release|Win32
		{198730C9-2101-46BF-B07D-222BFB728EF3}.Debug|x64.ActiveCfg = Debug|x64
		{198730C9-2101-46BF-B07D-222BFB728EF3}.Debug|x64.Build.0 = Debug|x64
		{198730C9-2101-46BF-B07D-222BFB728EF3}.Debug|x86.ActiveCfg = Debug|Win32
		{198730C9-2101-46BF-B07D-222BFB728EF3}.Debug|x86.Build.0 = Debug|Win32
		{198730C9-2101-46BF-B07D-222BFB728EF3}.Release|x64.ActiveCfg = Release|x64
		{198730C9-2101-46BF-B07D-222BFB728EF3}.Release|x64.Build.0 = Release|x64
		{198730C9-2101-46BF-B07D-222BFB728EF3}.Release|x86.ActiveCfg = Release|Win32
		{198730C9-2101-46BF-B07D-222BFB728EF3}.Release|x86.Build.0 = Release|Win32
	EndGlobalSection
	GlobalSection(SolutionProperties) = preSolution
		HideSolutionNode = FALSE
	EndGlobalSection
	GlobalSection(ExtensibilityGlobals) = postSolution
		SolutionGuid = {9AF49E30-E060-4BB7-93BC-70AA485EABEA}
	EndGlobalSection
EndGlobal
